
Microsoft Visual Studio Solution File, Format Version 12.00
# Visual Studio Version 16
VisualStudioVersion = 16.0.31205.134
MinimumVisualStudioVersion = 10.0.40219.1
Project("{9A19103F-16F7-4668-BE54-9A1E7A4F7556}") = "StudentManagementWeb", "StudentManagementWeb\StudentManagementWeb.csproj", "{11E4FA68-2E4E-4A15-B150-D0F2E94D8252}"
EndProject
Project("{00D1A9C2-B5F0-4AF3-8072-F6C62B433612}") = "StudentManagementDatabase", "StudentManagementDatabase\StudentManagementDatabase.sqlproj", "{54F58159-6C82-4E6E-8E2C-88189E2B3102}"
EndProject
Project("{9A19103F-16F7-4668-BE54-9A1E7A4F7556}") = "StudentManagementAPI", "StudentManagementAPI\StudentManagementAPI.csproj", "{38DF43E9-B3B7-43E2-8998-3780825B5AAC}"
EndProject
Project("{9A19103F-16F7-4668-BE54-9A1E7A4F7556}") = "AzureFunction", "AzureFunction\AzureFunction.csproj", "{35CDAE9D-5E56-472B-8179-7F25422A67AF}"
EndProject
Project("{9A19103F-16F7-4668-BE54-9A1E7A4F7556}") = "DataLogger", "DataLogger\DataLogger.csproj", "{EB12CE22-3736-4047-98D0-627D2628769F}"
EndProject
Global
	GlobalSection(SolutionConfigurationPlatforms) = preSolution
		Debug|Any CPU = Debug|Any CPU
		Release|Any CPU = Release|Any CPU
	EndGlobalSection
	GlobalSection(ProjectConfigurationPlatforms) = postSolution
		{11E4FA68-2E4E-4A15-B150-D0F2E94D8252}.Debug|Any CPU.ActiveCfg = Debug|Any CPU
		{11E4FA68-2E4E-4A15-B150-D0F2E94D8252}.Debug|Any CPU.Build.0 = Debug|Any CPU
		{11E4FA68-2E4E-4A15-B150-D0F2E94D8252}.Release|Any CPU.ActiveCfg = Release|Any CPU
		{11E4FA68-2E4E-4A15-B150-D0F2E94D8252}.Release|Any CPU.Build.0 = Release|Any CPU
		{54F58159-6C82-4E6E-8E2C-88189E2B3102}.Debug|Any CPU.ActiveCfg = Debug|Any CPU
		{54F58159-6C82-4E6E-8E2C-88189E2B3102}.Debug|Any CPU.Build.0 = Debug|Any CPU
		{54F58159-6C82-4E6E-8E2C-88189E2B3102}.Debug|Any CPU.Deploy.0 = Debug|Any CPU
		{54F58159-6C82-4E6E-8E2C-88189E2B3102}.Release|Any CPU.ActiveCfg = Release|Any CPU
		{54F58159-6C82-4E6E-8E2C-88189E2B3102}.Release|Any CPU.Build.0 = Release|Any CPU
		{54F58159-6C82-4E6E-8E2C-88189E2B3102}.Release|Any CPU.Deploy.0 = Release|Any CPU
		{38DF43E9-B3B7-43E2-8998-3780825B5AAC}.Debug|Any CPU.ActiveCfg = Debug|Any CPU
		{38DF43E9-B3B7-43E2-8998-3780825B5AAC}.Debug|Any CPU.Build.0 = Debug|Any CPU
		{38DF43E9-B3B7-43E2-8998-3780825B5AAC}.Release|Any CPU.ActiveCfg = Release|Any CPU
		{38DF43E9-B3B7-43E2-8998-3780825B5AAC}.Release|Any CPU.Build.0 = Release|Any CPU
		{35CDAE9D-5E56-472B-8179-7F25422A67AF}.Debug|Any CPU.ActiveCfg = Debug|Any CPU
		{35CDAE9D-5E56-472B-8179-7F25422A67AF}.Debug|Any CPU.Build.0 = Debug|Any CPU
		{35CDAE9D-5E56-472B-8179-7F25422A67AF}.Release|Any CPU.ActiveCfg = Release|Any CPU
		{35CDAE9D-5E56-472B-8179-7F25422A67AF}.Release|Any CPU.Build.0 = Release|Any CPU
		{EB12CE22-3736-4047-98D0-627D2628769F}.Debug|Any CPU.ActiveCfg = Debug|Any CPU
		{EB12CE22-3736-4047-98D0-627D2628769F}.Debug|Any CPU.Build.0 = Debug|Any CPU
		{EB12CE22-3736-4047-98D0-627D2628769F}.Release|Any CPU.ActiveCfg = Release|Any CPU
		{EB12CE22-3736-4047-98D0-627D2628769F}.Release|Any CPU.Build.0 = Release|Any CPU
	EndGlobalSection
	GlobalSection(SolutionProperties) = preSolution
		HideSolutionNode = FALSE
	EndGlobalSection
	GlobalSection(ExtensibilityGlobals) = postSolution
		SolutionGuid = {9ED9A950-BDA5-47D2-A855-8E3B75CA6D5E}
	EndGlobalSection
EndGlobal
